// !$*UTF8*$!
{
	archiveVersion = 1;
	classes = {
	};
	objectVersion = 46;
	objects = {

/* Begin PBXBuildFile section */
		4EE375961BE0B999001A6624 /* AppDelegate.swift in Sources */ = {isa = PBXBuildFile; fileRef = 4EE375951BE0B999001A6624 /* AppDelegate.swift */; };
		4EE3759D1BE0B999001A6624 /* Assets.xcassets in Resources */ = {isa = PBXBuildFile; fileRef = 4EE3759C1BE0B999001A6624 /* Assets.xcassets */; };
		4EE375A01BE0B999001A6624 /* LaunchScreen.storyboard in Resources */ = {isa = PBXBuildFile; fileRef = 4EE3759E1BE0B999001A6624 /* LaunchScreen.storyboard */; };
		4EE375AB1BE0B999001A6624 /* SBCollectionViewTests.swift in Sources */ = {isa = PBXBuildFile; fileRef = 4EE375AA1BE0B999001A6624 /* SBCollectionViewTests.swift */; };
		4EE375B61BE0B999001A6624 /* SBCollectionViewUITests.swift in Sources */ = {isa = PBXBuildFile; fileRef = 4EE375B51BE0B999001A6624 /* SBCollectionViewUITests.swift */; };
		4EE375C51BE0B9BB001A6624 /* ImageCache.swift in Sources */ = {isa = PBXBuildFile; fileRef = 4EE375C41BE0B9BB001A6624 /* ImageCache.swift */; };
		4EE375C91BE0B9EC001A6624 /* SBCollectoinViewController.swift in Sources */ = {isa = PBXBuildFile; fileRef = 4EE375C81BE0B9EC001A6624 /* SBCollectoinViewController.swift */; };
/* End PBXBuildFile section */

/* Begin PBXContainerItemProxy section */
		4EE375A71BE0B999001A6624 /* PBXContainerItemProxy */ = {
			isa = PBXContainerItemProxy;
			containerPortal = 4EE3758A1BE0B999001A6624 /* Project object */;
			proxyType = 1;
			remoteGlobalIDString = 4EE375911BE0B999001A6624;
			remoteInfo = SBCollectionView;
		};
		4EE375B21BE0B999001A6624 /* PBXContainerItemProxy */ = {
			isa = PBXContainerItemProxy;
			containerPortal = 4EE3758A1BE0B999001A6624 /* Project object */;
			proxyType = 1;
			remoteGlobalIDString = 4EE375911BE0B999001A6624;
			remoteInfo = SBCollectionView;
		};
/* End PBXContainerItemProxy section */

/* Begin PBXFileReference section */
		4EE375921BE0B999001A6624 /* SBCollectionView.app */ = {isa = PBXFileReference; explicitFileType = wrapper.application; includeInIndex = 0; path = SBCollectionView.app; sourceTree = BUILT_PRODUCTS_DIR; };
		4EE375951BE0B999001A6624 /* AppDelegate.swift */ = {isa = PBXFileReference; lastKnownFileType = sourcecode.swift; path = AppDelegate.swift; sourceTree = "<group>"; };
		4EE3759C1BE0B999001A6624 /* Assets.xcassets */ = {isa = PBXFileReference; lastKnownFileType = folder.assetcatalog; path = Assets.xcassets; sourceTree = "<group>"; };
		4EE3759F1BE0B999001A6624 /* Base */ = {isa = PBXFileReference; lastKnownFileType = file.storyboard; name = Base; path = Base.lproj/LaunchScreen.storyboard; sourceTree = "<group>"; };
		4EE375A11BE0B999001A6624 /* Info.plist */ = {isa = PBXFileReference; lastKnownFileType = text.plist.xml; path = Info.plist; sourceTree = "<group>"; };
		4EE375A61BE0B999001A6624 /* SBCollectionViewTests.xctest */ = {isa = PBXFileReference; explicitFileType = wrapper.cfbundle; includeInIndex = 0; path = SBCollectionViewTests.xctest; sourceTree = BUILT_PRODUCTS_DIR; };
		4EE375AA1BE0B999001A6624 /* SBCollectionViewTests.swift */ = {isa = PBXFileReference; lastKnownFileType = sourcecode.swift; path = SBCollectionViewTests.swift; sourceTree = "<group>"; };
		4EE375AC1BE0B999001A6624 /* Info.plist */ = {isa = PBXFileReference; lastKnownFileType = text.plist.xml; path = Info.plist; sourceTree = "<group>"; };
		4EE375B11BE0B999001A6624 /* SBCollectionViewUITests.xctest */ = {isa = PBXFileReference; explicitFileType = wrapper.cfbundle; includeInIndex = 0; path = SBCollectionViewUITests.xctest; sourceTree = BUILT_PRODUCTS_DIR; };
		4EE375B51BE0B999001A6624 /* SBCollectionViewUITests.swift */ = {isa = PBXFileReference; lastKnownFileType = sourcecode.swift; path = SBCollectionViewUITests.swift; sourceTree = "<group>"; };
		4EE375B71BE0B999001A6624 /* Info.plist */ = {isa = PBXFileReference; lastKnownFileType = text.plist.xml; path = Info.plist; sourceTree = "<group>"; };
		4EE375C41BE0B9BB001A6624 /* ImageCache.swift */ = {isa = PBXFileReference; fileEncoding = 4; lastKnownFileType = sourcecode.swift; path = ImageCache.swift; sourceTree = "<group>"; };
		4EE375C81BE0B9EC001A6624 /* SBCollectoinViewController.swift */ = {isa = PBXFileReference; fileEncoding = 4; lastKnownFileType = sourcecode.swift; path = SBCollectoinViewController.swift; sourceTree = "<group>"; };
/* End PBXFileReference section */

/* Begin PBXFrameworksBuildPhase section */
		4EE3758F1BE0B999001A6624 /* Frameworks */ = {
			isa = PBXFrameworksBuildPhase;
			buildActionMask = 2147483647;
			files = (
			);
			runOnlyForDeploymentPostprocessing = 0;
		};
		4EE375A31BE0B999001A6624 /* Frameworks */ = {
			isa = PBXFrameworksBuildPhase;
			buildActionMask = 2147483647;
			files = (
			);
			runOnlyForDeploymentPostprocessing = 0;
		};
		4EE375AE1BE0B999001A6624 /* Frameworks */ = {
			isa = PBXFrameworksBuildPhase;
			buildActionMask = 2147483647;
			files = (
			);
			runOnlyForDeploymentPostprocessing = 0;
		};
/* End PBXFrameworksBuildPhase section */

/* Begin PBXGroup section */
		4EE375891BE0B999001A6624 = {
			isa = PBXGroup;
			children = (
				4EE375941BE0B999001A6624 /* SBCollectionView */,
				4EE375A91BE0B999001A6624 /* SBCollectionViewTests */,
				4EE375B41BE0B999001A6624 /* SBCollectionViewUITests */,
				4EE375931BE0B999001A6624 /* Products */,
			);
			sourceTree = "<group>";
		};
		4EE375931BE0B999001A6624 /* Products */ = {
			isa = PBXGroup;
			children = (
				4EE375921BE0B999001A6624 /* SBCollectionView.app */,
				4EE375A61BE0B999001A6624 /* SBCollectionViewTests.xctest */,
				4EE375B11BE0B999001A6624 /* SBCollectionViewUITests.xctest */,
			);
			name = Products;
			sourceTree = "<group>";
		};
		4EE375941BE0B999001A6624 /* SBCollectionView */ = {
			isa = PBXGroup;
			children = (
				4EE375C31BE0B9B0001A6624 /* External */,
				4EE375C61BE0B9C0001A6624 /* App Delegate */,
				4EE375C71BE0B9D1001A6624 /* View Controller */,
				4EE3759C1BE0B999001A6624 /* Assets.xcassets */,
				4EE3759E1BE0B999001A6624 /* LaunchScreen.storyboard */,
				4EE375A11BE0B999001A6624 /* Info.plist */,
			);
			path = SBCollectionView;
			sourceTree = "<group>";
		};
		4EE375A91BE0B999001A6624 /* SBCollectionViewTests */ = {
			isa = PBXGroup;
			children = (
				4EE375AA1BE0B999001A6624 /* SBCollectionViewTests.swift */,
				4EE375AC1BE0B999001A6624 /* Info.plist */,
			);
			path = SBCollectionViewTests;
			sourceTree = "<group>";
		};
		4EE375B41BE0B999001A6624 /* SBCollectionViewUITests */ = {
			isa = PBXGroup;
			children = (
				4EE375B51BE0B999001A6624 /* SBCollectionViewUITests.swift */,
				4EE375B71BE0B999001A6624 /* Info.plist */,
			);
			path = SBCollectionViewUITests;
			sourceTree = "<group>";
		};
		4EE375C31BE0B9B0001A6624 /* External */ = {
			isa = PBXGroup;
			children = (
				4EE375C41BE0B9BB001A6624 /* ImageCache.swift */,
			);
			name = External;
			sourceTree = "<group>";
		};
		4EE375C61BE0B9C0001A6624 /* App Delegate */ = {
			isa = PBXGroup;
			children = (
				4EE375951BE0B999001A6624 /* AppDelegate.swift */,
			);
			name = "App Delegate";
			sourceTree = "<group>";
		};
		4EE375C71BE0B9D1001A6624 /* View Controller */ = {
			isa = PBXGroup;
			children = (
				4EE375C81BE0B9EC001A6624 /* SBCollectoinViewController.swift */,
			);
			name = "View Controller";
			sourceTree = "<group>";
		};
/* End PBXGroup section */

/* Begin PBXNativeTarget section */
		4EE375911BE0B999001A6624 /* SBCollectionView */ = {
			isa = PBXNativeTarget;
			buildConfigurationList = 4EE375BA1BE0B999001A6624 /* Build configuration list for PBXNativeTarget "SBCollectionView" */;
			buildPhases = (
				4EE3758E1BE0B999001A6624 /* Sources */,
				4EE3758F1BE0B999001A6624 /* Frameworks */,
				4EE375901BE0B999001A6624 /* Resources */,
			);
			buildRules = (
			);
			dependencies = (
			);
			name = SBCollectionView;
			productName = SBCollectionView;
			productReference = 4EE375921BE0B999001A6624 /* SBCollectionView.app */;
			productType = "com.apple.product-type.application";
		};
		4EE375A51BE0B999001A6624 /* SBCollectionViewTests */ = {
			isa = PBXNativeTarget;
			buildConfigurationList = 4EE375BD1BE0B999001A6624 /* Build configuration list for PBXNativeTarget "SBCollectionViewTests" */;
			buildPhases = (
				4EE375A21BE0B999001A6624 /* Sources */,
				4EE375A31BE0B999001A6624 /* Frameworks */,
				4EE375A41BE0B999001A6624 /* Resources */,
			);
			buildRules = (
			);
			dependencies = (
				4EE375A81BE0B999001A6624 /* PBXTargetDependency */,
			);
			name = SBCollectionViewTests;
			productName = SBCollectionViewTests;
			productReference = 4EE375A61BE0B999001A6624 /* SBCollectionViewTests.xctest */;
			productType = "com.apple.product-type.bundle.unit-test";
		};
		4EE375B01BE0B999001A6624 /* SBCollectionViewUITests */ = {
			isa = PBXNativeTarget;
			buildConfigurationList = 4EE375C01BE0B999001A6624 /* Build configuration list for PBXNativeTarget "SBCollectionViewUITests" */;
			buildPhases = (
				4EE375AD1BE0B999001A6624 /* Sources */,
				4EE375AE1BE0B999001A6624 /* Frameworks */,
				4EE375AF1BE0B999001A6624 /* Resources */,
			);
			buildRules = (
			);
			dependencies = (
				4EE375B31BE0B999001A6624 /* PBXTargetDependency */,
			);
			name = SBCollectionViewUITests;
			productName = SBCollectionViewUITests;
			productReference = 4EE375B11BE0B999001A6624 /* SBCollectionViewUITests.xctest */;
			productType = "com.apple.product-type.bundle.ui-testing";
		};
/* End PBXNativeTarget section */

/* Begin PBXProject section */
		4EE3758A1BE0B999001A6624 /* Project object */ = {
			isa = PBXProject;
			attributes = {
				LastSwiftUpdateCheck = 0710;
				LastUpgradeCheck = 0710;
				ORGANIZATIONNAME = SANKARLAL;
				TargetAttributes = {
					4EE375911BE0B999001A6624 = {
						CreatedOnToolsVersion = 7.1;
					};
					4EE375A51BE0B999001A6624 = {
						CreatedOnToolsVersion = 7.1;
						TestTargetID = 4EE375911BE0B999001A6624;
					};
					4EE375B01BE0B999001A6624 = {
						CreatedOnToolsVersion = 7.1;
						TestTargetID = 4EE375911BE0B999001A6624;
					};
				};
			};
			buildConfigurationList = 4EE3758D1BE0B999001A6624 /* Build configuration list for PBXProject "SBCollectionView" */;
			compatibilityVersion = "Xcode 3.2";
			developmentRegion = English;
			hasScannedForEncodings = 0;
			knownRegions = (
				en,
				Base,
			);
			mainGroup = 4EE375891BE0B999001A6624;
			productRefGroup = 4EE375931BE0B999001A6624 /* Products */;
			projectDirPath = "";
			projectRoot = "";
			targets = (
				4EE375911BE0B999001A6624 /* SBCollectionView */,
				4EE375A51BE0B999001A6624 /* SBCollectionViewTests */,
				4EE375B01BE0B999001A6624 /* SBCollectionViewUITests */,
			);
		};
/* End PBXProject section */

/* Begin PBXResourcesBuildPhase section */
		4EE375901BE0B999001A6624 /* Resources */ = {
			isa = PBXResourcesBuildPhase;
			buildActionMask = 2147483647;
			files = (
				4EE375A01BE0B999001A6624 /* LaunchScreen.storyboard in Resources */,
				4EE3759D1BE0B999001A6624 /* Assets.xcassets in Resources */,
			);
			runOnlyForDeploymentPostprocessing = 0;
		};
		4EE375A41BE0B999001A6624 /* Resources */ = {
			isa = PBXResourcesBuildPhase;
			buildActionMask = 2147483647;
			files = (
			);
			runOnlyForDeploymentPostprocessing = 0;
		};
		4EE375AF1BE0B999001A6624 /* Resources */ = {
			isa = PBXResourcesBuildPhase;
			buildActionMask = 2147483647;
			files = (
			);
			runOnlyForDeploymentPostprocessing = 0;
		};
/* End PBXResourcesBuildPhase section */

/* Begin PBXSourcesBuildPhase section */
		4EE3758E1BE0B999001A6624 /* Sources */ = {
			isa = PBXSourcesBuildPhase;
			buildActionMask = 2147483647;
			files = (
				4EE375C51BE0B9BB001A6624 /* ImageCache.swift in Sources */,
				4EE375C91BE0B9EC001A6624 /* SBCollectoinViewController.swift in Sources */,
				4EE375961BE0B999001A6624 /* AppDelegate.swift in Sources */,
			);
			runOnlyForDeploymentPostprocessing = 0;
		};
		4EE375A21BE0B999001A6624 /* Sources */ = {
			isa = PBXSourcesBuildPhase;
			buildActionMask = 2147483647;
			files = (
				4EE375AB1BE0B999001A6624 /* SBCollectionViewTests.swift in Sources */,
			);
			runOnlyForDeploymentPostprocessing = 0;
		};
		4EE375AD1BE0B999001A6624 /* Sources */ = {
			isa = PBXSourcesBuildPhase;
			buildActionMask = 2147483647;
			files = (
				4EE375B61BE0B999001A6624 /* SBCollectionViewUITests.swift in Sources */,
			);
			runOnlyForDeploymentPostprocessing = 0;
		};
/* End PBXSourcesBuildPhase section */

/* Begin PBXTargetDependency section */
		4EE375A81BE0B999001A6624 /* PBXTargetDependency */ = {
			isa = PBXTargetDependency;
			target = 4EE375911BE0B999001A6624 /* SBCollectionView */;
			targetProxy = 4EE375A71BE0B999001A6624 /* PBXContainerItemProxy */;
		};
		4EE375B31BE0B999001A6624 /* PBXTargetDependency */ = {
			isa = PBXTargetDependency;
			target = 4EE375911BE0B999001A6624 /* SBCollectionView */;
			targetProxy = 4EE375B21BE0B999001A6624 /* PBXContainerItemProxy */;
		};
/* End PBXTargetDependency section */

/* Begin PBXVariantGroup section */
		4EE3759E1BE0B999001A6624 /* LaunchScreen.storyboard */ = {
			isa = PBXVariantGroup;
			children = (
				4EE3759F1BE0B999001A6624 /* Base */,
			);
			name = LaunchScreen.storyboard;
			sourceTree = "<group>";
		};
/* End PBXVariantGroup section */

/* Begin XCBuildConfiguration section */
		4EE375B81BE0B999001A6624 /* Debug */ = {
			isa = XCBuildConfiguration;
			buildSettings = {
				ALWAYS_SEARCH_USER_PATHS = NO;
				CLANG_CXX_LANGUAGE_STANDARD = "gnu++0x";
				CLANG_CXX_LIBRARY = "libc++";
				CLANG_ENABLE_MODULES = YES;
				CLANG_ENABLE_OBJC_ARC = YES;
				CLANG_WARN_BOOL_CONVERSION = YES;
				CLANG_WARN_CONSTANT_CONVERSION = YES;
				CLANG_WARN_DIRECT_OBJC_ISA_USAGE = YES_ERROR;
				CLANG_WARN_EMPTY_BODY = YES;
				CLANG_WARN_ENUM_CONVERSION = YES;
				CLANG_WARN_INT_CONVERSION = YES;
				CLANG_WARN_OBJC_ROOT_CLASS = YES_ERROR;
				CLANG_WARN_UNREACHABLE_CODE = YES;
				CLANG_WARN__DUPLICATE_METHOD_MATCH = YES;
				"CODE_SIGN_IDENTITY[sdk=iphoneos*]" = "iPhone Developer";
				COPY_PHASE_STRIP = NO;
				DEBUG_INFORMATION_FORMAT = dwarf;
				ENABLE_STRICT_OBJC_MSGSEND = YES;
				ENABLE_TESTABILITY = YES;
				GCC_C_LANGUAGE_STANDARD = gnu99;
				GCC_DYNAMIC_NO_PIC = NO;
				GCC_NO_COMMON_BLOCKS = YES;
				GCC_OPTIMIZATION_LEVEL = 0;
				GCC_PREPROCESSOR_DEFINITIONS = (
					"DEBUG=1",
					"$(inherited)",
				);
				GCC_WARN_64_TO_32_BIT_CONVERSION = YES;
				GCC_WARN_ABOUT_RETURN_TYPE = YES_ERROR;
				GCC_WARN_UNDECLARED_SELECTOR = YES;
				GCC_WARN_UNINITIALIZED_AUTOS = YES_AGGRESSIVE;
				GCC_WARN_UNUSED_FUNCTION = YES;
				GCC_WARN_UNUSED_VARIABLE = YES;
				IPHONEOS_DEPLOYMENT_TARGET = 9.1;
				MTL_ENABLE_DEBUG_INFO = YES;
				ONLY_ACTIVE_ARCH = YES;
				SDKROOT = iphoneos;
				SWIFT_OPTIMIZATION_LEVEL = "-Onone";
			};
			name = Debug;
		};
		4EE375B91BE0B999001A6624 /* Release */ = {
			isa = XCBuildConfiguration;
			buildSettings = {
				ALWAYS_SEARCH_USER_PATHS = NO;
				CLANG_CXX_LANGUAGE_STANDARD = "gnu++0x";
				CLANG_CXX_LIBRARY = "libc++";
				CLANG_ENABLE_MODULES = YES;
				CLANG_ENABLE_OBJC_ARC = YES;
				CLANG_WARN_BOOL_CONVERSION = YES;
				CLANG_WARN_CONSTANT_CONVERSION = YES;
				CLANG_WARN_DIRECT_OBJC_ISA_USAGE = YES_ERROR;
				CLANG_WARN_EMPTY_BODY = YES;
				CLANG_WARN_ENUM_CONVERSION = YES;
				CLANG_WARN_INT_CONVERSION = YES;
				CLANG_WARN_OBJC_ROOT_CLASS = YES_ERROR;
				CLANG_WARN_UNREACHABLE_CODE = YES;
				CLANG_WARN__DUPLICATE_METHOD_MATCH = YES;
				"CODE_SIGN_IDENTITY[sdk=iphoneos*]" = "iPhone Developer";
				COPY_PHASE_STRIP = NO;
				DEBUG_INFORMATION_FORMAT = "dwarf-with-dsym";
				ENABLE_NS_ASSERTIONS = NO;
				ENABLE_STRICT_OBJC_MSGSEND = YES;
				GCC_C_LANGUAGE_STANDARD = gnu99;
				GCC_NO_COMMON_BLOCKS = YES;
				GCC_WARN_64_TO_32_BIT_CONVERSION = YES;
				GCC_WARN_ABOUT_RETURN_TYPE = YES_ERROR;
				GCC_WARN_UNDECLARED_SELECTOR = YES;
				GCC_WARN_UNINITIALIZED_AUTOS = YES_AGGRESSIVE;
				GCC_WARN_UNUSED_FUNCTION = YES;
				GCC_WARN_UNUSED_VARIABLE = YES;
				IPHONEOS_DEPLOYMENT_TARGET = 9.1;
				MTL_ENABLE_DEBUG_INFO = NO;
				SDKROOT = iphoneos;
				VALIDATE_PRODUCT = YES;
			};
			name = Release;
		};
		4EE375BB1BE0B999001A6624 /* Debug */ = {
			isa = XCBuildConfiguration;
			buildSettings = {
				ASSETCATALOG_COMPILER_APPICON_NAME = AppIcon;
				INFOPLIST_FILE = SBCollectionView/Info.plist;
				LD_RUNPATH_SEARCH_PATHS = "$(inherited) @executable_path/Frameworks";
				PRODUCT_BUNDLE_IDENTIFIER = com.sankarlal20.SBCollectionView;
				PRODUCT_NAME = "$(TARGET_NAME)";
			};
			name = Debug;
		};
		4EE375BC1BE0B999001A6624 /* Release */ = {
			isa = XCBuildConfiguration;
			buildSettings = {
				ASSETCATALOG_COMPILER_APPICON_NAME = AppIcon;
				INFOPLIST_FILE = SBCollectionView/Info.plist;
				LD_RUNPATH_SEARCH_PATHS = "$(inherited) @executable_path/Frameworks";
				PRODUCT_BUNDLE_IDENTIFIER = com.sankarlal20.SBCollectionView;
				PRODUCT_NAME = "$(TARGET_NAME)";
			};
			name = Release;
		};
		4EE375BE1BE0B999001A6624 /* Debug */ = {
			isa = XCBuildConfiguration;
			buildSettings = {
				BUNDLE_LOADER = "$(TEST_HOST)";
				INFOPLIST_FILE = SBCollectionViewTests/Info.plist;
				LD_RUNPATH_SEARCH_PATHS = "$(inherited) @executable_path/Frameworks @loader_path/Frameworks";
				PRODUCT_BUNDLE_IDENTIFIER = com.sankarlal20.SBCollectionViewTests;
				PRODUCT_NAME = "$(TARGET_NAME)";
				TEST_HOST = "$(BUILT_PRODUCTS_DIR)/SBCollectionView.app/SBCollectionView";
			};
			name = Debug;
		};
		4EE375BF1BE0B999001A6624 /* Release */ = {
			isa = XCBuildConfiguration;
			buildSettings = {
				BUNDLE_LOADER = "$(TEST_HOST)";
				INFOPLIST_FILE = SBCollectionViewTests/Info.plist;
				LD_RUNPATH_SEARCH_PATHS = "$(inherited) @executable_path/Frameworks @loader_path/Frameworks";
				PRODUCT_BUNDLE_IDENTIFIER = com.sankarlal20.SBCollectionViewTests;
				PRODUCT_NAME = "$(TARGET_NAME)";
				TEST_HOST = "$(BUILT_PRODUCTS_DIR)/SBCollectionView.app/SBCollectionView";
			};
			name = Release;
		};
		4EE375C11BE0B999001A6624 /* Debug */ = {
			isa = XCBuildConfiguration;
			buildSettings = {
				INFOPLIST_FILE = SBCollectionViewUITests/Info.plist;
				LD_RUNPATH_SEARCH_PATHS = "$(inherited) @executable_path/Frameworks @loader_path/Frameworks";
				PRODUCT_BUNDLE_IDENTIFIER = com.sankarlal20.SBCollectionViewUITests;
				PRODUCT_NAME = "$(TARGET_NAME)";
				TEST_TARGET_NAME = SBCollectionView;
				USES_XCTRUNNER = YES;
			};
			name = Debug;
		};
		4EE375C21BE0B999001A6624 /* Release */ = {
			isa = XCBuildConfiguration;
			buildSettings = {
				INFOPLIST_FILE = SBCollectionViewUITests/Info.plist;
				LD_RUNPATH_SEARCH_PATHS = "$(inherited) @executable_path/Frameworks @loader_path/Frameworks";
				PRODUCT_BUNDLE_IDENTIFIER = com.sankarlal20.SBCollectionViewUITests;
				PRODUCT_NAME = "$(TARGET_NAME)";
				TEST_TARGET_NAME = SBCollectionView;
				USES_XCTRUNNER = YES;
			};
			name = Release;
		};
/* End XCBuildConfiguration section */

/* Begin XCConfigurationList section */
		4EE3758D1BE0B999001A6624 /* Build configuration list for PBXProject "SBCollectionView" */ = {
			isa = XCConfigurationList;
			buildConfigurations = (
				4EE375B81BE0B999001A6624 /* Debug */,
				4EE375B91BE0B999001A6624 /* Release */,
			);
			defaultConfigurationIsVisible = 0;
			defaultConfigurationName = Release;
		};
		4EE375BA1BE0B999001A6624 /* Build configuration list for PBXNativeTarget "SBCollectionView" */ = {
			isa = XCConfigurationList;
			buildConfigurations = (
				4EE375BB1BE0B999001A6624 /* Debug */,
				4EE375BC1BE0B999001A6624 /* Release */,
			);
			defaultConfigurationIsVisible = 0;
		};
		4EE375BD1BE0B999001A6624 /* Build configuration list for PBXNativeTarget "SBCollectionViewTests" */ = {
			isa = XCConfigurationList;
			buildConfigurations = (
				4EE375BE1BE0B999001A6624 /* Debug */,
				4EE375BF1BE0B999001A6624 /* Release */,
			);
			defaultConfigurationIsVisible = 0;
		};
		4EE375C01BE0B999001A6624 /* Build configuration list for PBXNativeTarget "SBCollectionViewUITests" */ = {
			isa = XCConfigurationList;
			buildConfigurations = (
				4EE375C11BE0B999001A6624 /* Debug */,
				4EE375C21BE0B999001A6624 /* Release */,
			);
			defaultConfigurationIsVisible = 0;
		};
/* End XCConfigurationList section */
	};
	rootObject = 4EE3758A1BE0B999001A6624 /* Project object */;
}
